
Microsoft Visual Studio Solution File, Format Version 12.00
# Visual Studio Version 17
VisualStudioVersion = 17.7.34031.279
MinimumVisualStudioVersion = 10.0.40219.1
Project("{FAE04EC0-301F-11D3-BF4B-00C04F79EFBC}") = "ejercicio6Repaso", "ejercicio6Repaso.csproj", "{C5A3D2FF-D039-4A9B-820B-2AF2142F94E4}"
EndProject
Global
	GlobalSection(SolutionConfigurationPlatforms) = preSolution
		Debug|Any CPU = Debug|Any CPU
		Release|Any CPU = Release|Any CPU
	EndGlobalSection
	GlobalSection(ProjectConfigurationPlatforms) = postSolution
		{C5A3D2FF-D039-4A9B-820B-2AF2142F94E4}.Debug|Any CPU.ActiveCfg = Debug|Any CPU
		{C5A3D2FF-D039-4A9B-820B-2AF2142F94E4}.Debug|Any CPU.Build.0 = Debug|Any CPU
		{C5A3D2FF-D039-4A9B-820B-2AF2142F94E4}.Release|Any CPU.ActiveCfg = Release|Any CPU
		{C5A3D2FF-D039-4A9B-820B-2AF2142F94E4}.Release|Any CPU.Build.0 = Release|Any CPU
	EndGlobalSection
	GlobalSection(SolutionProperties) = preSolution
		HideSolutionNode = FALSE
	EndGlobalSection
	GlobalSection(ExtensibilityGlobals) = postSolution
		SolutionGuid = {B442DAAC-55ED-4080-A550-1629CDF0DBE6}
	EndGlobalSection
EndGlobal
